
Microsoft Visual Studio Solution File, Format Version 12.00
# Visual Studio Version 16
VisualStudioVersion = 16.0.33027.164
MinimumVisualStudioVersion = 10.0.40219.1
Project("{FAE04EC0-301F-11D3-BF4B-00C04F79EFBC}") = "labex8", "labex8\labex8.csproj", "{82333766-B40A-4153-857F-72A5FA377963}"
EndProject
Global
	GlobalSection(SolutionConfigurationPlatforms) = preSolution
		Debug|Any CPU = Debug|Any CPU
		Release|Any CPU = Release|Any CPU
	EndGlobalSection
	GlobalSection(ProjectConfigurationPlatforms) = postSolution
		{82333766-B40A-4153-857F-72A5FA377963}.Debug|Any CPU.ActiveCfg = Debug|Any CPU
		{82333766-B40A-4153-857F-72A5FA377963}.Debug|Any CPU.Build.0 = Debug|Any CPU
		{82333766-B40A-4153-857F-72A5FA377963}.Release|Any CPU.ActiveCfg = Release|Any CPU
		{82333766-B40A-4153-857F-72A5FA377963}.Release|Any CPU.Build.0 = Release|Any CPU
	EndGlobalSection
	GlobalSection(SolutionProperties) = preSolution
		HideSolutionNode = FALSE
	EndGlobalSection
	GlobalSection(ExtensibilityGlobals) = postSolution
		SolutionGuid = {77C520A3-E6B2-442C-8A83-41B6D3F4B24F}
	EndGlobalSection
EndGlobal
